
Microsoft Visual Studio Solution File, Format Version 12.00
# Visual Studio Version 16
VisualStudioVersion = 16.0.31410.357
MinimumVisualStudioVersion = 10.0.40219.1
Project("{FAE04EC0-301F-11D3-BF4B-00C04F79EFBC}") = "Unique", "Unique\Unique.csproj", "{33D556FB-0C76-4769-8F0A-B442DFAA7E86}"
EndProject
Project("{FAE04EC0-301F-11D3-BF4B-00C04F79EFBC}") = "Sets of Elements", "Sets of Elements\Sets of Elements.csproj", "{23950FD5-8929-416F-8249-33E91F622626}"
EndProject
Project("{FAE04EC0-301F-11D3-BF4B-00C04F79EFBC}") = "Periodic Table", "Periodic Table\Periodic Table.csproj", "{0C471B01-FFB2-4A27-ADEC-424778118999}"
EndProject
Project("{FAE04EC0-301F-11D3-BF4B-00C04F79EFBC}") = "Even Times", "Even Times\Even Times.csproj", "{0C06BAF7-0BD2-46D2-A3D7-46259700334F}"
EndProject
Project("{FAE04EC0-301F-11D3-BF4B-00C04F79EFBC}") = "Wardrobe", "Wardrobe\Wardrobe.csproj", "{2B6579E4-4FCF-49AF-B02C-E39E7C2B052C}"
EndProject
Global
	GlobalSection(SolutionConfigurationPlatforms) = preSolution
		Debug|Any CPU = Debug|Any CPU
		Release|Any CPU = Release|Any CPU
	EndGlobalSection
	GlobalSection(ProjectConfigurationPlatforms) = postSolution
		{33D556FB-0C76-4769-8F0A-B442DFAA7E86}.Debug|Any CPU.ActiveCfg = Debug|Any CPU
		{33D556FB-0C76-4769-8F0A-B442DFAA7E86}.Debug|Any CPU.Build.0 = Debug|Any CPU
		{33D556FB-0C76-4769-8F0A-B442DFAA7E86}.Release|Any CPU.ActiveCfg = Release|Any CPU
		{33D556FB-0C76-4769-8F0A-B442DFAA7E86}.Release|Any CPU.Build.0 = Release|Any CPU
		{23950FD5-8929-416F-8249-33E91F622626}.Debug|Any CPU.ActiveCfg = Debug|Any CPU
		{23950FD5-8929-416F-8249-33E91F622626}.Debug|Any CPU.Build.0 = Debug|Any CPU
		{23950FD5-8929-416F-8249-33E91F622626}.Release|Any CPU.ActiveCfg = Release|Any CPU
		{23950FD5-8929-416F-8249-33E91F622626}.Release|Any CPU.Build.0 = Release|Any CPU
		{0C471B01-FFB2-4A27-ADEC-424778118999}.Debug|Any CPU.ActiveCfg = Debug|Any CPU
		{0C471B01-FFB2-4A27-ADEC-424778118999}.Debug|Any CPU.Build.0 = Debug|Any CPU
		{0C471B01-FFB2-4A27-ADEC-424778118999}.Release|Any CPU.ActiveCfg = Release|Any CPU
		{0C471B01-FFB2-4A27-ADEC-424778118999}.Release|Any CPU.Build.0 = Release|Any CPU
		{0C06BAF7-0BD2-46D2-A3D7-46259700334F}.Debug|Any CPU.ActiveCfg = Debug|Any CPU
		{0C06BAF7-0BD2-46D2-A3D7-46259700334F}.Debug|Any CPU.Build.0 = Debug|Any CPU
		{0C06BAF7-0BD2-46D2-A3D7-46259700334F}.Release|Any CPU.ActiveCfg = Release|Any CPU
		{0C06BAF7-0BD2-46D2-A3D7-46259700334F}.Release|Any CPU.Build.0 = Release|Any CPU
		{2B6579E4-4FCF-49AF-B02C-E39E7C2B052C}.Debug|Any CPU.ActiveCfg = Debug|Any CPU
		{2B6579E4-4FCF-49AF-B02C-E39E7C2B052C}.Debug|Any CPU.Build.0 = Debug|Any CPU
		{2B6579E4-4FCF-49AF-B02C-E39E7C2B052C}.Release|Any CPU.ActiveCfg = Release|Any CPU
		{2B6579E4-4FCF-49AF-B02C-E39E7C2B052C}.Release|Any CPU.Build.0 = Release|Any CPU
	EndGlobalSection
	GlobalSection(SolutionProperties) = preSolution
		HideSolutionNode = FALSE
	EndGlobalSection
	GlobalSection(ExtensibilityGlobals) = postSolution
		SolutionGuid = {845433BD-2F88-44D5-BEBD-545C60D057AB}
	EndGlobalSection
EndGlobal
